
Microsoft Visual Studio Solution File, Format Version 12.00
# Visual Studio Version 17
VisualStudioVersion = 17.3.32519.111
MinimumVisualStudioVersion = 10.0.40219.1
Project("{FAE04EC0-301F-11D3-BF4B-00C04F79EFBC}") = "MyD365PLugin", "MyD365PLugin\MyD365PLugin.csproj", "{AF67A6C8-1732-4DB1-857E-39594D6AD5FB}"
EndProject
Global
	GlobalSection(SolutionConfigurationPlatforms) = preSolution
		Debug|Any CPU = Debug|Any CPU
		Release|Any CPU = Release|Any CPU
	EndGlobalSection
	GlobalSection(ProjectConfigurationPlatforms) = postSolution
		{AF67A6C8-1732-4DB1-857E-39594D6AD5FB}.Debug|Any CPU.ActiveCfg = Debug|Any CPU
		{AF67A6C8-1732-4DB1-857E-39594D6AD5FB}.Debug|Any CPU.Build.0 = Debug|Any CPU
		{AF67A6C8-1732-4DB1-857E-39594D6AD5FB}.Release|Any CPU.ActiveCfg = Release|Any CPU
		{AF67A6C8-1732-4DB1-857E-39594D6AD5FB}.Release|Any CPU.Build.0 = Release|Any CPU
	EndGlobalSection
	GlobalSection(SolutionProperties) = preSolution
		HideSolutionNode = FALSE
	EndGlobalSection
	GlobalSection(ExtensibilityGlobals) = postSolution
		SolutionGuid = {4731A6CC-9319-415B-B893-745673F2656E}
	EndGlobalSection
EndGlobal
